// !$*UTF8*$!
{
	archiveVersion = 1;
	classes = {
	};
	objectVersion = 51;
	objects = {

/* Begin PBXBuildFile section */
		1D3A878F269ED53400F57AC9 /* ButtonDesign.swift in Sources */ = {isa = PBXBuildFile; fileRef = 1D3A878E269ED53400F57AC9 /* ButtonDesign.swift */; };
		1D43A9BF26A3C9C500F81DFE /* ResultView.swift in Sources */ = {isa = PBXBuildFile; fileRef = 1D43A9BE26A3C9C500F81DFE /* ResultView.swift */; };
		1D43A9C426A4046900F81DFE /* Instance.swift in Sources */ = {isa = PBXBuildFile; fileRef = 1D43A9C326A4046900F81DFE /* Instance.swift */; };
		1D4FBCC62699772500328159 /* SceneDelegate.swift in Sources */ = {isa = PBXBuildFile; fileRef = 1D4FBCC52699772500328159 /* SceneDelegate.swift */; };
		1D4FBCC82699772500328159 /* SelectionView.swift in Sources */ = {isa = PBXBuildFile; fileRef = 1D4FBCC72699772500328159 /* SelectionView.swift */; };
		1D4FBCCA2699772700328159 /* Assets.xcassets in Resources */ = {isa = PBXBuildFile; fileRef = 1D4FBCC92699772700328159 /* Assets.xcassets */; };
		1D4FBCCD2699772700328159 /* Preview Assets.xcassets in Resources */ = {isa = PBXBuildFile; fileRef = 1D4FBCCC2699772700328159 /* Preview Assets.xcassets */; };
		1D4FBCD02699772700328159 /* LaunchScreen.storyboard in Resources */ = {isa = PBXBuildFile; fileRef = 1D4FBCCE2699772700328159 /* LaunchScreen.storyboard */; };
		1D4FBCDA269BDEEB00328159 /* UserAttribute.swift in Sources */ = {isa = PBXBuildFile; fileRef = 1D4FBCD9269BDEEB00328159 /* UserAttribute.swift */; };
		1D4FBCDC269C115400328159 /* HomeView.swift in Sources */ = {isa = PBXBuildFile; fileRef = 1D4FBCDB269C115400328159 /* HomeView.swift */; };
		1D4FBCDE269D2D9A00328159 /* ImagePicker.swift in Sources */ = {isa = PBXBuildFile; fileRef = 1D4FBCDD269D2D9A00328159 /* ImagePicker.swift */; };
		1D53F9CF26A68D12001B8AED /* Rekognition.swift in Sources */ = {isa = PBXBuildFile; fileRef = 1D53F9CE26A68D12001B8AED /* Rekognition.swift */; };
		1D53F9D126A6FCD2001B8AED /* Extension.swift in Sources */ = {isa = PBXBuildFile; fileRef = 1D53F9D026A6FCD2001B8AED /* Extension.swift */; };
		1D717F7A26A1147F00E17189 /* CameraPicker.swift in Sources */ = {isa = PBXBuildFile; fileRef = 1D717F7926A1147F00E17189 /* CameraPicker.swift */; };
		1D81B58526B5BAE500EABE90 /* AppDelegate.swift in Sources */ = {isa = PBXBuildFile; fileRef = 1D81B58426B5BAE500EABE90 /* AppDelegate.swift */; };
		1D89C8B926B2400F006C9576 /* RekognitionPreparation.swift in Sources */ = {isa = PBXBuildFile; fileRef = 1D89C8B826B2400F006C9576 /* RekognitionPreparation.swift */; };
		1D89C8BB26B24066006C9576 /* RekognitionResult.swift in Sources */ = {isa = PBXBuildFile; fileRef = 1D89C8BA26B24066006C9576 /* RekognitionResult.swift */; };
		1D9882E626A2781F00803E1A /* LottieView.swift in Sources */ = {isa = PBXBuildFile; fileRef = 1D9882E526A2781F00803E1A /* LottieView.swift */; };
		1D9882E826A278DA00803E1A /* AnalysingView.swift in Sources */ = {isa = PBXBuildFile; fileRef = 1D9882E726A278DA00803E1A /* AnalysingView.swift */; };
		1DA3F4EE26B534B700A2D8F5 /* 10.json in Resources */ = {isa = PBXBuildFile; fileRef = 1DA3F4DB26B534B700A2D8F5 /* 10.json */; };
		1DA3F4EF26B534B700A2D8F5 /* 5.json in Resources */ = {isa = PBXBuildFile; fileRef = 1DA3F4DC26B534B700A2D8F5 /* 5.json */; };
		1DA3F4F026B534B700A2D8F5 /* 13.json in Resources */ = {isa = PBXBuildFile; fileRef = 1DA3F4DD26B534B700A2D8F5 /* 13.json */; };
		1DA3F4F126B534B700A2D8F5 /* 16.json in Resources */ = {isa = PBXBuildFile; fileRef = 1DA3F4DE26B534B700A2D8F5 /* 16.json */; };
		1DA3F4F226B534B700A2D8F5 /* 14.json in Resources */ = {isa = PBXBuildFile; fileRef = 1DA3F4DF26B534B700A2D8F5 /* 14.json */; };
		1DA3F4F326B534B700A2D8F5 /* 404.json in Resources */ = {isa = PBXBuildFile; fileRef = 1DA3F4E026B534B700A2D8F5 /* 404.json */; };
		1DA3F4F426B534B700A2D8F5 /* 6.json in Resources */ = {isa = PBXBuildFile; fileRef = 1DA3F4E126B534B700A2D8F5 /* 6.json */; };
		1DA3F4F526B534B700A2D8F5 /* 4.json in Resources */ = {isa = PBXBuildFile; fileRef = 1DA3F4E226B534B700A2D8F5 /* 4.json */; };
		1DA3F4F626B534B700A2D8F5 /* 8.json in Resources */ = {isa = PBXBuildFile; fileRef = 1DA3F4E326B534B700A2D8F5 /* 8.json */; };
		1DA3F4F726B534B700A2D8F5 /* 1.json in Resources */ = {isa = PBXBuildFile; fileRef = 1DA3F4E426B534B700A2D8F5 /* 1.json */; };
		1DA3F4F826B534B700A2D8F5 /* 7.json in Resources */ = {isa = PBXBuildFile; fileRef = 1DA3F4E526B534B700A2D8F5 /* 7.json */; };
		1DA3F4F926B534B700A2D8F5 /* 100.json in Resources */ = {isa = PBXBuildFile; fileRef = 1DA3F4E626B534B700A2D8F5 /* 100.json */; };
		1DA3F4FA26B534B700A2D8F5 /* 3.json in Resources */ = {isa = PBXBuildFile; fileRef = 1DA3F4E726B534B700A2D8F5 /* 3.json */; };
		1DA3F4FB26B534B700A2D8F5 /* 11.json in Resources */ = {isa = PBXBuildFile; fileRef = 1DA3F4E826B534B700A2D8F5 /* 11.json */; };
		1DA3F4FC26B534B700A2D8F5 /* 9.json in Resources */ = {isa = PBXBuildFile; fileRef = 1DA3F4E926B534B700A2D8F5 /* 9.json */; };
		1DA3F4FD26B534B700A2D8F5 /* 2.json in Resources */ = {isa = PBXBuildFile; fileRef = 1DA3F4EA26B534B700A2D8F5 /* 2.json */; };
		1DA3F4FE26B534B700A2D8F5 /* 15.json in Resources */ = {isa = PBXBuildFile; fileRef = 1DA3F4EB26B534B700A2D8F5 /* 15.json */; };
		1DA3F4FF26B534B700A2D8F5 /* 0.json in Resources */ = {isa = PBXBuildFile; fileRef = 1DA3F4EC26B534B700A2D8F5 /* 0.json */; };
		1DA3F50026B534B700A2D8F5 /* 12.json in Resources */ = {isa = PBXBuildFile; fileRef = 1DA3F4ED26B534B700A2D8F5 /* 12.json */; };
		1DA3F50226B59DBD00A2D8F5 /* SafariView.swift in Sources */ = {isa = PBXBuildFile; fileRef = 1DA3F50126B59DBD00A2D8F5 /* SafariView.swift */; };
		1DB72F5D26AFE92400A49423 /* RekognitionModel.swift in Sources */ = {isa = PBXBuildFile; fileRef = 1DB72F5C26AFE92400A49423 /* RekognitionModel.swift */; };
		4BB7780F9AA377B7DB2F07C8 /* Pods_NerdDetector.framework in Frameworks */ = {isa = PBXBuildFile; fileRef = E7AA3BA0A87A5C9AC886B4F6 /* Pods_NerdDetector.framework */; };
		74133691FB0D85375E2CF5FB /* awsconfiguration.json in Resources */ = {isa = PBXBuildFile; fileRef = 89927435DD11900E159EBC4C /* awsconfiguration.json */; };
		9F60B00D8DFC37E99899D1EE /* amplifyconfiguration.json in Resources */ = {isa = PBXBuildFile; fileRef = 2BEBE43DBF227551F621C853 /* amplifyconfiguration.json */; };
/* End PBXBuildFile section */

/* Begin PBXFileReference section */
		1D3A878E269ED53400F57AC9 /* ButtonDesign.swift */ = {isa = PBXFileReference; lastKnownFileType = sourcecode.swift; path = ButtonDesign.swift; sourceTree = "<group>"; };
		1D43A9BE26A3C9C500F81DFE /* ResultView.swift */ = {isa = PBXFileReference; lastKnownFileType = sourcecode.swift; path = ResultView.swift; sourceTree = "<group>"; };
		1D43A9C326A4046900F81DFE /* Instance.swift */ = {isa = PBXFileReference; lastKnownFileType = sourcecode.swift; path = Instance.swift; sourceTree = "<group>"; };
		1D4FBCC02699772500328159 /* NerdDetector.app */ = {isa = PBXFileReference; explicitFileType = wrapper.application; includeInIndex = 0; path = NerdDetector.app; sourceTree = BUILT_PRODUCTS_DIR; };
		1D4FBCC52699772500328159 /* SceneDelegate.swift */ = {isa = PBXFileReference; lastKnownFileType = sourcecode.swift; path = SceneDelegate.swift; sourceTree = "<group>"; };
		1D4FBCC72699772500328159 /* SelectionView.swift */ = {isa = PBXFileReference; lastKnownFileType = sourcecode.swift; path = SelectionView.swift; sourceTree = "<group>"; };
		1D4FBCC92699772700328159 /* Assets.xcassets */ = {isa = PBXFileReference; lastKnownFileType = folder.assetcatalog; path = Assets.xcassets; sourceTree = "<group>"; };
		1D4FBCCC2699772700328159 /* Preview Assets.xcassets */ = {isa = PBXFileReference; lastKnownFileType = folder.assetcatalog; path = "Preview Assets.xcassets"; sourceTree = "<group>"; };
		1D4FBCCF2699772700328159 /* Base */ = {isa = PBXFileReference; lastKnownFileType = file.storyboard; name = Base; path = Base.lproj/LaunchScreen.storyboard; sourceTree = "<group>"; };
		1D4FBCD12699772700328159 /* Info.plist */ = {isa = PBXFileReference; lastKnownFileType = text.plist.xml; path = Info.plist; sourceTree = "<group>"; };
		1D4FBCD9269BDEEB00328159 /* UserAttribute.swift */ = {isa = PBXFileReference; lastKnownFileType = sourcecode.swift; path = UserAttribute.swift; sourceTree = "<group>"; };
		1D4FBCDB269C115400328159 /* HomeView.swift */ = {isa = PBXFileReference; lastKnownFileType = sourcecode.swift; path = HomeView.swift; sourceTree = "<group>"; };
		1D4FBCDD269D2D9A00328159 /* ImagePicker.swift */ = {isa = PBXFileReference; lastKnownFileType = sourcecode.swift; path = ImagePicker.swift; sourceTree = "<group>"; };
		1D53F9CE26A68D12001B8AED /* Rekognition.swift */ = {isa = PBXFileReference; lastKnownFileType = sourcecode.swift; path = Rekognition.swift; sourceTree = "<group>"; };
		1D53F9D026A6FCD2001B8AED /* Extension.swift */ = {isa = PBXFileReference; lastKnownFileType = sourcecode.swift; path = Extension.swift; sourceTree = "<group>"; };
		1D717F7926A1147F00E17189 /* CameraPicker.swift */ = {isa = PBXFileReference; lastKnownFileType = sourcecode.swift; path = CameraPicker.swift; sourceTree = "<group>"; };
		1D81B58426B5BAE500EABE90 /* AppDelegate.swift */ = {isa = PBXFileReference; lastKnownFileType = sourcecode.swift; path = AppDelegate.swift; sourceTree = "<group>"; };
		1D89C8B826B2400F006C9576 /* RekognitionPreparation.swift */ = {isa = PBXFileReference; lastKnownFileType = sourcecode.swift; path = RekognitionPreparation.swift; sourceTree = "<group>"; };
		1D89C8BA26B24066006C9576 /* RekognitionResult.swift */ = {isa = PBXFileReference; lastKnownFileType = sourcecode.swift; path = RekognitionResult.swift; sourceTree = "<group>"; };
		1D9882E526A2781F00803E1A /* LottieView.swift */ = {isa = PBXFileReference; lastKnownFileType = sourcecode.swift; path = LottieView.swift; sourceTree = "<group>"; };
		1D9882E726A278DA00803E1A /* AnalysingView.swift */ = {isa = PBXFileReference; lastKnownFileType = sourcecode.swift; path = AnalysingView.swift; sourceTree = "<group>"; };
		1DA3F4DB26B534B700A2D8F5 /* 10.json */ = {isa = PBXFileReference; fileEncoding = 4; lastKnownFileType = text.json; name = 10.json; path = Image/LottieFiles/10.json; sourceTree = SOURCE_ROOT; };
		1DA3F4DC26B534B700A2D8F5 /* 5.json */ = {isa = PBXFileReference; fileEncoding = 4; lastKnownFileType = text.json; name = 5.json; path = Image/LottieFiles/5.json; sourceTree = SOURCE_ROOT; };
		1DA3F4DD26B534B700A2D8F5 /* 13.json */ = {isa = PBXFileReference; fileEncoding = 4; lastKnownFileType = text.json; name = 13.json; path = Image/LottieFiles/13.json; sourceTree = SOURCE_ROOT; };
		1DA3F4DE26B534B700A2D8F5 /* 16.json */ = {isa = PBXFileReference; fileEncoding = 4; lastKnownFileType = text.json; name = 16.json; path = Image/LottieFiles/16.json; sourceTree = SOURCE_ROOT; };
		1DA3F4DF26B534B700A2D8F5 /* 14.json */ = {isa = PBXFileReference; fileEncoding = 4; lastKnownFileType = text.json; name = 14.json; path = Image/LottieFiles/14.json; sourceTree = SOURCE_ROOT; };
		1DA3F4E026B534B700A2D8F5 /* 404.json */ = {isa = PBXFileReference; fileEncoding = 4; lastKnownFileType = text.json; name = 404.json; path = Image/LottieFiles/404.json; sourceTree = SOURCE_ROOT; };
		1DA3F4E126B534B700A2D8F5 /* 6.json */ = {isa = PBXFileReference; fileEncoding = 4; lastKnownFileType = text.json; name = 6.json; path = Image/LottieFiles/6.json; sourceTree = SOURCE_ROOT; };
		1DA3F4E226B534B700A2D8F5 /* 4.json */ = {isa = PBXFileReference; fileEncoding = 4; lastKnownFileType = text.json; name = 4.json; path = Image/LottieFiles/4.json; sourceTree = SOURCE_ROOT; };
		1DA3F4E326B534B700A2D8F5 /* 8.json */ = {isa = PBXFileReference; fileEncoding = 4; lastKnownFileType = text.json; name = 8.json; path = Image/LottieFiles/8.json; sourceTree = SOURCE_ROOT; };
		1DA3F4E426B534B700A2D8F5 /* 1.json */ = {isa = PBXFileReference; fileEncoding = 4; lastKnownFileType = text.json; name = 1.json; path = Image/LottieFiles/1.json; sourceTree = SOURCE_ROOT; };
		1DA3F4E526B534B700A2D8F5 /* 7.json */ = {isa = PBXFileReference; fileEncoding = 4; lastKnownFileType = text.json; name = 7.json; path = Image/LottieFiles/7.json; sourceTree = SOURCE_ROOT; };
		1DA3F4E626B534B700A2D8F5 /* 100.json */ = {isa = PBXFileReference; fileEncoding = 4; lastKnownFileType = text.json; name = 100.json; path = Image/LottieFiles/100.json; sourceTree = SOURCE_ROOT; };
		1DA3F4E726B534B700A2D8F5 /* 3.json */ = {isa = PBXFileReference; fileEncoding = 4; lastKnownFileType = text.json; name = 3.json; path = Image/LottieFiles/3.json; sourceTree = SOURCE_ROOT; };
		1DA3F4E826B534B700A2D8F5 /* 11.json */ = {isa = PBXFileReference; fileEncoding = 4; lastKnownFileType = text.json; name = 11.json; path = Image/LottieFiles/11.json; sourceTree = SOURCE_ROOT; };
		1DA3F4E926B534B700A2D8F5 /* 9.json */ = {isa = PBXFileReference; fileEncoding = 4; lastKnownFileType = text.json; name = 9.json; path = Image/LottieFiles/9.json; sourceTree = SOURCE_ROOT; };
		1DA3F4EA26B534B700A2D8F5 /* 2.json */ = {isa = PBXFileReference; fileEncoding = 4; lastKnownFileType = text.json; name = 2.json; path = Image/LottieFiles/2.json; sourceTree = SOURCE_ROOT; };
		1DA3F4EB26B534B700A2D8F5 /* 15.json */ = {isa = PBXFileReference; fileEncoding = 4; lastKnownFileType = text.json; name = 15.json; path = Image/LottieFiles/15.json; sourceTree = SOURCE_ROOT; };
		1DA3F4EC26B534B700A2D8F5 /* 0.json */ = {isa = PBXFileReference; fileEncoding = 4; lastKnownFileType = text.json; name = 0.json; path = Image/LottieFiles/0.json; sourceTree = SOURCE_ROOT; };
		1DA3F4ED26B534B700A2D8F5 /* 12.json */ = {isa = PBXFileReference; fileEncoding = 4; lastKnownFileType = text.json; name = 12.json; path = Image/LottieFiles/12.json; sourceTree = SOURCE_ROOT; };
		1DA3F50126B59DBD00A2D8F5 /* SafariView.swift */ = {isa = PBXFileReference; lastKnownFileType = sourcecode.swift; path = SafariView.swift; sourceTree = "<group>"; };
		1DB72F5C26AFE92400A49423 /* RekognitionModel.swift */ = {isa = PBXFileReference; lastKnownFileType = sourcecode.swift; path = RekognitionModel.swift; sourceTree = "<group>"; };
		2BEBE43DBF227551F621C853 /* amplifyconfiguration.json */ = {isa = PBXFileReference; explicitFileType = text.json; path = amplifyconfiguration.json; sourceTree = "<group>"; };
		89927435DD11900E159EBC4C /* awsconfiguration.json */ = {isa = PBXFileReference; explicitFileType = text.json; path = awsconfiguration.json; sourceTree = "<group>"; };
		D80760315FB6B49313DBE6A3 /* Pods-NerdDetector.debug.xcconfig */ = {isa = PBXFileReference; includeInIndex = 1; lastKnownFileType = text.xcconfig; name = "Pods-NerdDetector.debug.xcconfig"; path = "Target Support Files/Pods-NerdDetector/Pods-NerdDetector.debug.xcconfig"; sourceTree = "<group>"; };
		E7AA3BA0A87A5C9AC886B4F6 /* Pods_NerdDetector.framework */ = {isa = PBXFileReference; explicitFileType = wrapper.framework; includeInIndex = 0; path = Pods_NerdDetector.framework; sourceTree = BUILT_PRODUCTS_DIR; };
		F9D04D2A059F4A195108D3A7 /* Pods-NerdDetector.release.xcconfig */ = {isa = PBXFileReference; includeInIndex = 1; lastKnownFileType = text.xcconfig; name = "Pods-NerdDetector.release.xcconfig"; path = "Target Support Files/Pods-NerdDetector/Pods-NerdDetector.release.xcconfig"; sourceTree = "<group>"; };
/* End PBXFileReference section */

/* Begin PBXFrameworksBuildPhase section */
		1D4FBCBD2699772500328159 /* Frameworks */ = {
			isa = PBXFrameworksBuildPhase;
			buildActionMask = 2147483647;
			files = (
				4BB7780F9AA377B7DB2F07C8 /* Pods_NerdDetector.framework in Frameworks */,
			);
			runOnlyForDeploymentPostprocessing = 0;
		};
/* End PBXFrameworksBuildPhase section */

/* Begin PBXGroup section */
		1B5A5E42266E0210A62D12B4 /* AmplifyConfig */ = {
			isa = PBXGroup;
			children = (
				89927435DD11900E159EBC4C /* awsconfiguration.json */,
				2BEBE43DBF227551F621C853 /* amplifyconfiguration.json */,
			);
			name = AmplifyConfig;
			sourceTree = "<group>";
		};
		1D1E2B7B98F16DA29B953C4A /* Pods */ = {
			isa = PBXGroup;
			children = (
				D80760315FB6B49313DBE6A3 /* Pods-NerdDetector.debug.xcconfig */,
				F9D04D2A059F4A195108D3A7 /* Pods-NerdDetector.release.xcconfig */,
			);
			path = Pods;
			sourceTree = "<group>";
		};
		1D43A9BB26A3C3A900F81DFE /* Supporting Files */ = {
			isa = PBXGroup;
			children = (
				1D81B58426B5BAE500EABE90 /* AppDelegate.swift */,
				1D4FBCC52699772500328159 /* SceneDelegate.swift */,
				1D4FBCD12699772700328159 /* Info.plist */,
				1D4FBCCE2699772700328159 /* LaunchScreen.storyboard */,
			);
			path = "Supporting Files";
			sourceTree = "<group>";
		};
		1D43A9BC26A3C3EF00F81DFE /* View */ = {
			isa = PBXGroup;
			children = (
				1D4FBCC72699772500328159 /* SelectionView.swift */,
				1D4FBCDB269C115400328159 /* HomeView.swift */,
				1D9882E726A278DA00803E1A /* AnalysingView.swift */,
				1D43A9BE26A3C9C500F81DFE /* ResultView.swift */,
				1D9882E526A2781F00803E1A /* LottieView.swift */,
				1DA3F50126B59DBD00A2D8F5 /* SafariView.swift */,
				1D3A878E269ED53400F57AC9 /* ButtonDesign.swift */,
			);
			path = View;
			sourceTree = "<group>";
		};
		1D43A9C226A3F8A800F81DFE /* Model */ = {
			isa = PBXGroup;
			children = (
				1D53F9CE26A68D12001B8AED /* Rekognition.swift */,
				1DB72F5C26AFE92400A49423 /* RekognitionModel.swift */,
				1D43A9C326A4046900F81DFE /* Instance.swift */,
				1D53F9D026A6FCD2001B8AED /* Extension.swift */,
			);
			path = Model;
			sourceTree = "<group>";
		};
		1D4FBCB72699772500328159 = {
			isa = PBXGroup;
			children = (
				1D4FBCC22699772500328159 /* NerdDetector */,
				1D4FBCC12699772500328159 /* Products */,
				1D1E2B7B98F16DA29B953C4A /* Pods */,
				31C7DE0CB207493ECC283FB1 /* Frameworks */,
				1B5A5E42266E0210A62D12B4 /* AmplifyConfig */,
			);
			sourceTree = "<group>";
		};
		1D4FBCC12699772500328159 /* Products */ = {
			isa = PBXGroup;
			children = (
				1D4FBCC02699772500328159 /* NerdDetector.app */,
			);
			name = Products;
			sourceTree = "<group>";
		};
		1D4FBCC22699772500328159 /* NerdDetector */ = {
			isa = PBXGroup;
			children = (
				1D43A9BB26A3C3A900F81DFE /* Supporting Files */,
				1D43A9BC26A3C3EF00F81DFE /* View */,
				1DDEC9BB26B5B21E00B0D469 /* Controller */,
				1D43A9C226A3F8A800F81DFE /* Model */,
				1D717F7B26A1CA7700E17189 /* Assets */,
				1D4FBCCB2699772700328159 /* Preview Content */,
			);
			path = NerdDetector;
			sourceTree = "<group>";
		};
		1D4FBCCB2699772700328159 /* Preview Content */ = {
			isa = PBXGroup;
			children = (
				1D4FBCCC2699772700328159 /* Preview Assets.xcassets */,
			);
			path = "Preview Content";
			sourceTree = "<group>";
		};
		1D717F7B26A1CA7700E17189 /* Assets */ = {
			isa = PBXGroup;
			children = (
				1D4FBCC92699772700328159 /* Assets.xcassets */,
				1DA3F4EC26B534B700A2D8F5 /* 0.json */,
				1DA3F4E426B534B700A2D8F5 /* 1.json */,
				1DA3F4EA26B534B700A2D8F5 /* 2.json */,
				1DA3F4E726B534B700A2D8F5 /* 3.json */,
				1DA3F4E226B534B700A2D8F5 /* 4.json */,
				1DA3F4DC26B534B700A2D8F5 /* 5.json */,
				1DA3F4E126B534B700A2D8F5 /* 6.json */,
				1DA3F4E526B534B700A2D8F5 /* 7.json */,
				1DA3F4E326B534B700A2D8F5 /* 8.json */,
				1DA3F4E926B534B700A2D8F5 /* 9.json */,
				1DA3F4DB26B534B700A2D8F5 /* 10.json */,
				1DA3F4E826B534B700A2D8F5 /* 11.json */,
				1DA3F4ED26B534B700A2D8F5 /* 12.json */,
				1DA3F4DD26B534B700A2D8F5 /* 13.json */,
				1DA3F4DF26B534B700A2D8F5 /* 14.json */,
				1DA3F4EB26B534B700A2D8F5 /* 15.json */,
				1DA3F4DE26B534B700A2D8F5 /* 16.json */,
				1DA3F4E626B534B700A2D8F5 /* 100.json */,
				1DA3F4E026B534B700A2D8F5 /* 404.json */,
			);
			path = Assets;
			sourceTree = "<group>";
		};
		1DDEC9BB26B5B21E00B0D469 /* Controller */ = {
			isa = PBXGroup;
			children = (
				1D4FBCD9269BDEEB00328159 /* UserAttribute.swift */,
				1D4FBCDD269D2D9A00328159 /* ImagePicker.swift */,
				1D717F7926A1147F00E17189 /* CameraPicker.swift */,
				1D89C8B826B2400F006C9576 /* RekognitionPreparation.swift */,
				1D89C8BA26B24066006C9576 /* RekognitionResult.swift */,
			);
			path = Controller;
			sourceTree = "<group>";
		};
		31C7DE0CB207493ECC283FB1 /* Frameworks */ = {
			isa = PBXGroup;
			children = (
				E7AA3BA0A87A5C9AC886B4F6 /* Pods_NerdDetector.framework */,
			);
			name = Frameworks;
			sourceTree = "<group>";
		};
/* End PBXGroup section */

/* Begin PBXNativeTarget section */
		1D4FBCBF2699772500328159 /* NerdDetector */ = {
			isa = PBXNativeTarget;
			buildConfigurationList = 1D4FBCD42699772700328159 /* Build configuration list for PBXNativeTarget "NerdDetector" */;
			buildPhases = (
				FC8A214DCB73E793EE8D89B9 /* [CP] Check Pods Manifest.lock */,
				1D4FBCBC2699772500328159 /* Sources */,
				1D4FBCBD2699772500328159 /* Frameworks */,
				1D4FBCBE2699772500328159 /* Resources */,
				DB30CC84146CF6C31EB6623C /* [CP] Embed Pods Frameworks */,
			);
			buildRules = (
			);
			dependencies = (
			);
			name = NerdDetector;
			productName = NerdDetector;
			productReference = 1D4FBCC02699772500328159 /* NerdDetector.app */;
			productType = "com.apple.product-type.application";
		};
/* End PBXNativeTarget section */

/* Begin PBXProject section */
		1D4FBCB82699772500328159 /* Project object */ = {
			isa = PBXProject;
			attributes = {
				LastSwiftUpdateCheck = 1250;
				LastUpgradeCheck = 1250;
				TargetAttributes = {
					1D4FBCBF2699772500328159 = {
						CreatedOnToolsVersion = 12.5.1;
					};
				};
			};
			buildConfigurationList = 1D4FBCBB2699772500328159 /* Build configuration list for PBXProject "NerdDetector" */;
			compatibilityVersion = "Xcode 9.3";
			developmentRegion = en;
			hasScannedForEncodings = 0;
			knownRegions = (
				en,
				Base,
			);
			mainGroup = 1D4FBCB72699772500328159;
			productRefGroup = 1D4FBCC12699772500328159 /* Products */;
			projectDirPath = "";
			projectRoot = "";
			targets = (
				1D4FBCBF2699772500328159 /* NerdDetector */,
			);
		};
/* End PBXProject section */

/* Begin PBXResourcesBuildPhase section */
		1D4FBCBE2699772500328159 /* Resources */ = {
			isa = PBXResourcesBuildPhase;
			buildActionMask = 2147483647;
			files = (
				1DA3F4F526B534B700A2D8F5 /* 4.json in Resources */,
				1DA3F4F426B534B700A2D8F5 /* 6.json in Resources */,
				1DA3F4EE26B534B700A2D8F5 /* 10.json in Resources */,
				1DA3F4F326B534B700A2D8F5 /* 404.json in Resources */,
				1DA3F4EF26B534B700A2D8F5 /* 5.json in Resources */,
				1DA3F4F826B534B700A2D8F5 /* 7.json in Resources */,
				1D4FBCD02699772700328159 /* LaunchScreen.storyboard in Resources */,
				1DA3F4F126B534B700A2D8F5 /* 16.json in Resources */,
				1DA3F4F226B534B700A2D8F5 /* 14.json in Resources */,
				1DA3F4F026B534B700A2D8F5 /* 13.json in Resources */,
				1D4FBCCD2699772700328159 /* Preview Assets.xcassets in Resources */,
				1DA3F4FD26B534B700A2D8F5 /* 2.json in Resources */,
				1DA3F4F726B534B700A2D8F5 /* 1.json in Resources */,
				1D4FBCCA2699772700328159 /* Assets.xcassets in Resources */,
				74133691FB0D85375E2CF5FB /* awsconfiguration.json in Resources */,
				1DA3F4F926B534B700A2D8F5 /* 100.json in Resources */,
				1DA3F4FC26B534B700A2D8F5 /* 9.json in Resources */,
				1DA3F4FE26B534B700A2D8F5 /* 15.json in Resources */,
				1DA3F50026B534B700A2D8F5 /* 12.json in Resources */,
				1DA3F4FB26B534B700A2D8F5 /* 11.json in Resources */,
				1DA3F4FA26B534B700A2D8F5 /* 3.json in Resources */,
				1DA3F4F626B534B700A2D8F5 /* 8.json in Resources */,
				1DA3F4FF26B534B700A2D8F5 /* 0.json in Resources */,
				9F60B00D8DFC37E99899D1EE /* amplifyconfiguration.json in Resources */,
			);
			runOnlyForDeploymentPostprocessing = 0;
		};
/* End PBXResourcesBuildPhase section */

/* Begin PBXShellScriptBuildPhase section */
		DB30CC84146CF6C31EB6623C /* [CP] Embed Pods Frameworks */ = {
			isa = PBXShellScriptBuildPhase;
			buildActionMask = 2147483647;
			files = (
			);
			inputFileListPaths = (
				"${PODS_ROOT}/Target Support Files/Pods-NerdDetector/Pods-NerdDetector-frameworks-${CONFIGURATION}-input-files.xcfilelist",
			);
			name = "[CP] Embed Pods Frameworks";
			outputFileListPaths = (
				"${PODS_ROOT}/Target Support Files/Pods-NerdDetector/Pods-NerdDetector-frameworks-${CONFIGURATION}-output-files.xcfilelist",
			);
			runOnlyForDeploymentPostprocessing = 0;
			shellPath = /bin/sh;
			shellScript = "\"${PODS_ROOT}/Target Support Files/Pods-NerdDetector/Pods-NerdDetector-frameworks.sh\"\n";
			showEnvVarsInLog = 0;
		};
		FC8A214DCB73E793EE8D89B9 /* [CP] Check Pods Manifest.lock */ = {
			isa = PBXShellScriptBuildPhase;
			buildActionMask = 2147483647;
			files = (
			);
			inputFileListPaths = (
			);
			inputPaths = (
				"${PODS_PODFILE_DIR_PATH}/Podfile.lock",
				"${PODS_ROOT}/Manifest.lock",
			);
			name = "[CP] Check Pods Manifest.lock";
			outputFileListPaths = (
			);
			outputPaths = (
				"$(DERIVED_FILE_DIR)/Pods-NerdDetector-checkManifestLockResult.txt",
			);
			runOnlyForDeploymentPostprocessing = 0;
			shellPath = /bin/sh;
			shellScript = "diff \"${PODS_PODFILE_DIR_PATH}/Podfile.lock\" \"${PODS_ROOT}/Manifest.lock\" > /dev/null\nif [ $? != 0 ] ; then\n    # print error to STDERR\n    echo \"error: The sandbox is not in sync with the Podfile.lock. Run 'pod install' or update your CocoaPods installation.\" >&2\n    exit 1\nfi\n# This output is used by Xcode 'outputs' to avoid re-running this script phase.\necho \"SUCCESS\" > \"${SCRIPT_OUTPUT_FILE_0}\"\n";
			showEnvVarsInLog = 0;
		};
/* End PBXShellScriptBuildPhase section */

/* Begin PBXSourcesBuildPhase section */
		1D4FBCBC2699772500328159 /* Sources */ = {
			isa = PBXSourcesBuildPhase;
			buildActionMask = 2147483647;
			files = (
				1D4FBCDA269BDEEB00328159 /* UserAttribute.swift in Sources */,
				1D43A9BF26A3C9C500F81DFE /* ResultView.swift in Sources */,
				1D53F9CF26A68D12001B8AED /* Rekognition.swift in Sources */,
				1D9882E626A2781F00803E1A /* LottieView.swift in Sources */,
				1D9882E826A278DA00803E1A /* AnalysingView.swift in Sources */,
				1D89C8B926B2400F006C9576 /* RekognitionPreparation.swift in Sources */,
				1D4FBCC62699772500328159 /* SceneDelegate.swift in Sources */,
				1D3A878F269ED53400F57AC9 /* ButtonDesign.swift in Sources */,
				1D717F7A26A1147F00E17189 /* CameraPicker.swift in Sources */,
				1DA3F50226B59DBD00A2D8F5 /* SafariView.swift in Sources */,
				1D53F9D126A6FCD2001B8AED /* Extension.swift in Sources */,
				1D89C8BB26B24066006C9576 /* RekognitionResult.swift in Sources */,
				1D81B58526B5BAE500EABE90 /* AppDelegate.swift in Sources */,
				1DB72F5D26AFE92400A49423 /* RekognitionModel.swift in Sources */,
				1D4FBCDE269D2D9A00328159 /* ImagePicker.swift in Sources */,
				1D4FBCDC269C115400328159 /* HomeView.swift in Sources */,
				1D43A9C426A4046900F81DFE /* Instance.swift in Sources */,
				1D4FBCC82699772500328159 /* SelectionView.swift in Sources */,
			);
			runOnlyForDeploymentPostprocessing = 0;
		};
/* End PBXSourcesBuildPhase section */

/* Begin PBXVariantGroup section */
		1D4FBCCE2699772700328159 /* LaunchScreen.storyboard */ = {
			isa = PBXVariantGroup;
			children = (
				1D4FBCCF2699772700328159 /* Base */,
			);
			name = LaunchScreen.storyboard;
			sourceTree = "<group>";
		};
/* End PBXVariantGroup section */

/* Begin XCBuildConfiguration section */
		1D4FBCD22699772700328159 /* Debug */ = {
			isa = XCBuildConfiguration;
			buildSettings = {
				ALWAYS_SEARCH_USER_PATHS = NO;
				CLANG_ANALYZER_NONNULL = YES;
				CLANG_ANALYZER_NUMBER_OBJECT_CONVERSION = YES_AGGRESSIVE;
				CLANG_CXX_LANGUAGE_STANDARD = "gnu++14";
				CLANG_CXX_LIBRARY = "libc++";
				CLANG_ENABLE_MODULES = YES;
				CLANG_ENABLE_OBJC_ARC = YES;
				CLANG_ENABLE_OBJC_WEAK = YES;
				CLANG_WARN_BLOCK_CAPTURE_AUTORELEASING = YES;
				CLANG_WARN_BOOL_CONVERSION = YES;
				CLANG_WARN_COMMA = YES;
				CLANG_WARN_CONSTANT_CONVERSION = YES;
				CLANG_WARN_DEPRECATED_OBJC_IMPLEMENTATIONS = YES;
				CLANG_WARN_DIRECT_OBJC_ISA_USAGE = YES_ERROR;
				CLANG_WARN_DOCUMENTATION_COMMENTS = YES;
				CLANG_WARN_EMPTY_BODY = YES;
				CLANG_WARN_ENUM_CONVERSION = YES;
				CLANG_WARN_INFINITE_RECURSION = YES;
				CLANG_WARN_INT_CONVERSION = YES;
				CLANG_WARN_NON_LITERAL_NULL_CONVERSION = YES;
				CLANG_WARN_OBJC_IMPLICIT_RETAIN_SELF = YES;
				CLANG_WARN_OBJC_LITERAL_CONVERSION = YES;
				CLANG_WARN_OBJC_ROOT_CLASS = YES_ERROR;
				CLANG_WARN_QUOTED_INCLUDE_IN_FRAMEWORK_HEADER = YES;
				CLANG_WARN_RANGE_LOOP_ANALYSIS = YES;
				CLANG_WARN_STRICT_PROTOTYPES = YES;
				CLANG_WARN_SUSPICIOUS_MOVE = YES;
				CLANG_WARN_UNGUARDED_AVAILABILITY = YES_AGGRESSIVE;
				CLANG_WARN_UNREACHABLE_CODE = YES;
				CLANG_WARN__DUPLICATE_METHOD_MATCH = YES;
				COPY_PHASE_STRIP = NO;
				DEBUG_INFORMATION_FORMAT = dwarf;
				ENABLE_STRICT_OBJC_MSGSEND = YES;
				ENABLE_TESTABILITY = YES;
				GCC_C_LANGUAGE_STANDARD = gnu11;
				GCC_DYNAMIC_NO_PIC = NO;
				GCC_NO_COMMON_BLOCKS = YES;
				GCC_OPTIMIZATION_LEVEL = 0;
				GCC_PREPROCESSOR_DEFINITIONS = (
					"DEBUG=1",
					"$(inherited)",
				);
				GCC_WARN_64_TO_32_BIT_CONVERSION = YES;
				GCC_WARN_ABOUT_RETURN_TYPE = YES_ERROR;
				GCC_WARN_UNDECLARED_SELECTOR = YES;
				GCC_WARN_UNINITIALIZED_AUTOS = YES_AGGRESSIVE;
				GCC_WARN_UNUSED_FUNCTION = YES;
				GCC_WARN_UNUSED_VARIABLE = YES;
				IPHONEOS_DEPLOYMENT_TARGET = 14.5;
				MTL_ENABLE_DEBUG_INFO = INCLUDE_SOURCE;
				MTL_FAST_MATH = YES;
				ONLY_ACTIVE_ARCH = YES;
				SDKROOT = iphoneos;
				SWIFT_ACTIVE_COMPILATION_CONDITIONS = DEBUG;
				SWIFT_OPTIMIZATION_LEVEL = "-Onone";
			};
			name = Debug;
		};
		1D4FBCD32699772700328159 /* Release */ = {
			isa = XCBuildConfiguration;
			buildSettings = {
				ALWAYS_SEARCH_USER_PATHS = NO;
				CLANG_ANALYZER_NONNULL = YES;
				CLANG_ANALYZER_NUMBER_OBJECT_CONVERSION = YES_AGGRESSIVE;
				CLANG_CXX_LANGUAGE_STANDARD = "gnu++14";
				CLANG_CXX_LIBRARY = "libc++";
				CLANG_ENABLE_MODULES = YES;
				CLANG_ENABLE_OBJC_ARC = YES;
				CLANG_ENABLE_OBJC_WEAK = YES;
				CLANG_WARN_BLOCK_CAPTURE_AUTORELEASING = YES;
				CLANG_WARN_BOOL_CONVERSION = YES;
				CLANG_WARN_COMMA = YES;
				CLANG_WARN_CONSTANT_CONVERSION = YES;
				CLANG_WARN_DEPRECATED_OBJC_IMPLEMENTATIONS = YES;
				CLANG_WARN_DIRECT_OBJC_ISA_USAGE = YES_ERROR;
				CLANG_WARN_DOCUMENTATION_COMMENTS = YES;
				CLANG_WARN_EMPTY_BODY = YES;
				CLANG_WARN_ENUM_CONVERSION = YES;
				CLANG_WARN_INFINITE_RECURSION = YES;
				CLANG_WARN_INT_CONVERSION = YES;
				CLANG_WARN_NON_LITERAL_NULL_CONVERSION = YES;
				CLANG_WARN_OBJC_IMPLICIT_RETAIN_SELF = YES;
				CLANG_WARN_OBJC_LITERAL_CONVERSION = YES;
				CLANG_WARN_OBJC_ROOT_CLASS = YES_ERROR;
				CLANG_WARN_QUOTED_INCLUDE_IN_FRAMEWORK_HEADER = YES;
				CLANG_WARN_RANGE_LOOP_ANALYSIS = YES;
				CLANG_WARN_STRICT_PROTOTYPES = YES;
				CLANG_WARN_SUSPICIOUS_MOVE = YES;
				CLANG_WARN_UNGUARDED_AVAILABILITY = YES_AGGRESSIVE;
				CLANG_WARN_UNREACHABLE_CODE = YES;
				CLANG_WARN__DUPLICATE_METHOD_MATCH = YES;
				COPY_PHASE_STRIP = NO;
				DEBUG_INFORMATION_FORMAT = "dwarf-with-dsym";
				ENABLE_NS_ASSERTIONS = NO;
				ENABLE_STRICT_OBJC_MSGSEND = YES;
				GCC_C_LANGUAGE_STANDARD = gnu11;
				GCC_NO_COMMON_BLOCKS = YES;
				GCC_WARN_64_TO_32_BIT_CONVERSION = YES;
				GCC_WARN_ABOUT_RETURN_TYPE = YES_ERROR;
				GCC_WARN_UNDECLARED_SELECTOR = YES;
				GCC_WARN_UNINITIALIZED_AUTOS = YES_AGGRESSIVE;
				GCC_WARN_UNUSED_FUNCTION = YES;
				GCC_WARN_UNUSED_VARIABLE = YES;
				IPHONEOS_DEPLOYMENT_TARGET = 14.5;
				MTL_ENABLE_DEBUG_INFO = NO;
				MTL_FAST_MATH = YES;
				SDKROOT = iphoneos;
				SWIFT_COMPILATION_MODE = wholemodule;
				SWIFT_OPTIMIZATION_LEVEL = "-O";
				VALIDATE_PRODUCT = YES;
			};
			name = Release;
		};
		1D4FBCD52699772700328159 /* Debug */ = {
			isa = XCBuildConfiguration;
			baseConfigurationReference = D80760315FB6B49313DBE6A3 /* Pods-NerdDetector.debug.xcconfig */;
			buildSettings = {
				ASSETCATALOG_COMPILER_APPICON_NAME = AppIcon;
				ASSETCATALOG_COMPILER_GLOBAL_ACCENT_COLOR_NAME = AccentColor;
				CODE_SIGN_STYLE = Automatic;
				DEVELOPMENT_ASSET_PATHS = "\"NerdDetector/Preview Content\"";
				DEVELOPMENT_TEAM = CS3KDAG7J6;
				ENABLE_PREVIEWS = YES;
				INFOPLIST_FILE = "NerdDetector/Supporting Files/Info.plist";
				LD_RUNPATH_SEARCH_PATHS = (
					"$(inherited)",
					"@executable_path/Frameworks",
				);
				MARKETING_VERSION = 1.0.0;
				PRODUCT_BUNDLE_IDENTIFIER = "com.motoshi-suzuki.NerdDetector";
				PRODUCT_NAME = "$(TARGET_NAME)";
				SWIFT_VERSION = 5.0;
				TARGETED_DEVICE_FAMILY = "1,2";
			};
			name = Debug;
		};
		1D4FBCD62699772700328159 /* Release */ = {
			isa = XCBuildConfiguration;
			baseConfigurationReference = F9D04D2A059F4A195108D3A7 /* Pods-NerdDetector.release.xcconfig */;
			buildSettings = {
				ASSETCATALOG_COMPILER_APPICON_NAME = AppIcon;
				ASSETCATALOG_COMPILER_GLOBAL_ACCENT_COLOR_NAME = AccentColor;
				CODE_SIGN_STYLE = Automatic;
				DEVELOPMENT_ASSET_PATHS = "\"NerdDetector/Preview Content\"";
				DEVELOPMENT_TEAM = CS3KDAG7J6;
				ENABLE_PREVIEWS = YES;
				INFOPLIST_FILE = "NerdDetector/Supporting Files/Info.plist";
				LD_RUNPATH_SEARCH_PATHS = (
					"$(inherited)",
					"@executable_path/Frameworks",
				);
				MARKETING_VERSION = 1.0.0;
				PRODUCT_BUNDLE_IDENTIFIER = "com.motoshi-suzuki.NerdDetector";
				PRODUCT_NAME = "$(TARGET_NAME)";
				SWIFT_VERSION = 5.0;
				TARGETED_DEVICE_FAMILY = "1,2";
			};
			name = Release;
		};
/* End XCBuildConfiguration section */

/* Begin XCConfigurationList section */
		1D4FBCBB2699772500328159 /* Build configuration list for PBXProject "NerdDetector" */ = {
			isa = XCConfigurationList;
			buildConfigurations = (
				1D4FBCD22699772700328159 /* Debug */,
				1D4FBCD32699772700328159 /* Release */,
			);
			defaultConfigurationIsVisible = 0;
			defaultConfigurationName = Release;
		};
		1D4FBCD42699772700328159 /* Build configuration list for PBXNativeTarget "NerdDetector" */ = {
			isa = XCConfigurationList;
			buildConfigurations = (
				1D4FBCD52699772700328159 /* Debug */,
				1D4FBCD62699772700328159 /* Release */,
			);
			defaultConfigurationIsVisible = 0;
			defaultConfigurationName = Release;
		};
/* End XCConfigurationList section */
	};
	rootObject = 1D4FBCB82699772500328159 /* Project object */;
}
